
Microsoft Visual Studio Solution File, Format Version 12.00
# Visual Studio Version 16
VisualStudioVersion = 16.0.29609.76
MinimumVisualStudioVersion = 10.0.40219.1
Project("{F184B08F-C81C-45F6-A57F-5ABD9991F28F}") = "проект день 5", "проект день 5\проект день 5.vbproj", "{3112170D-72D7-4276-B02C-75BEEAC2C6A8}"
EndProject
Global
	GlobalSection(SolutionConfigurationPlatforms) = preSolution
		Debug|Any CPU = Debug|Any CPU
		Release|Any CPU = Release|Any CPU
	EndGlobalSection
	GlobalSection(ProjectConfigurationPlatforms) = postSolution
		{3112170D-72D7-4276-B02C-75BEEAC2C6A8}.Debug|Any CPU.ActiveCfg = Debug|Any CPU
		{3112170D-72D7-4276-B02C-75BEEAC2C6A8}.Debug|Any CPU.Build.0 = Debug|Any CPU
		{3112170D-72D7-4276-B02C-75BEEAC2C6A8}.Release|Any CPU.ActiveCfg = Release|Any CPU
		{3112170D-72D7-4276-B02C-75BEEAC2C6A8}.Release|Any CPU.Build.0 = Release|Any CPU
	EndGlobalSection
	GlobalSection(SolutionProperties) = preSolution
		HideSolutionNode = FALSE
	EndGlobalSection
	GlobalSection(ExtensibilityGlobals) = postSolution
		SolutionGuid = {6725DB12-8643-440F-BAEF-0D864E5D238A}
	EndGlobalSection
EndGlobal
