
Microsoft Visual Studio Solution File, Format Version 12.00
# Visual Studio Version 16
VisualStudioVersion = 16.0.29609.76
MinimumVisualStudioVersion = 10.0.40219.1
Project("{F184B08F-C81C-45F6-A57F-5ABD9991F28F}") = "проекть 6", "проекть 6\проекть 6.vbproj", "{0883E940-0AA4-46D9-B2F1-D039EC543396}"
EndProject
Global
	GlobalSection(SolutionConfigurationPlatforms) = preSolution
		Debug|Any CPU = Debug|Any CPU
		Release|Any CPU = Release|Any CPU
	EndGlobalSection
	GlobalSection(ProjectConfigurationPlatforms) = postSolution
		{0883E940-0AA4-46D9-B2F1-D039EC543396}.Debug|Any CPU.ActiveCfg = Debug|Any CPU
		{0883E940-0AA4-46D9-B2F1-D039EC543396}.Debug|Any CPU.Build.0 = Debug|Any CPU
		{0883E940-0AA4-46D9-B2F1-D039EC543396}.Release|Any CPU.ActiveCfg = Release|Any CPU
		{0883E940-0AA4-46D9-B2F1-D039EC543396}.Release|Any CPU.Build.0 = Release|Any CPU
	EndGlobalSection
	GlobalSection(SolutionProperties) = preSolution
		HideSolutionNode = FALSE
	EndGlobalSection
	GlobalSection(ExtensibilityGlobals) = postSolution
		SolutionGuid = {E803041C-3103-4482-921A-E8D3F9297D8B}
	EndGlobalSection
EndGlobal
